
Microsoft Visual Studio Solution File, Format Version 12.00
# Visual Studio Version 17
VisualStudioVersion = 17.3.32922.545
MinimumVisualStudioVersion = 10.0.40219.1
Project("{FAE04EC0-301F-11D3-BF4B-00C04F79EFBC}") = "Billing", "Billing\Billing.csproj", "{37286BC9-2051-45F9-8F4C-BCCD76F7BA16}"
EndProject
Global
	GlobalSection(SolutionConfigurationPlatforms) = preSolution
		Debug|Any CPU = Debug|Any CPU
		Release|Any CPU = Release|Any CPU
	EndGlobalSection
	GlobalSection(ProjectConfigurationPlatforms) = postSolution
		{37286BC9-2051-45F9-8F4C-BCCD76F7BA16}.Debug|Any CPU.ActiveCfg = Debug|Any CPU
		{37286BC9-2051-45F9-8F4C-BCCD76F7BA16}.Debug|Any CPU.Build.0 = Debug|Any CPU
		{37286BC9-2051-45F9-8F4C-BCCD76F7BA16}.Release|Any CPU.ActiveCfg = Release|Any CPU
		{37286BC9-2051-45F9-8F4C-BCCD76F7BA16}.Release|Any CPU.Build.0 = Release|Any CPU
	EndGlobalSection
	GlobalSection(SolutionProperties) = preSolution
		HideSolutionNode = FALSE
	EndGlobalSection
	GlobalSection(ExtensibilityGlobals) = postSolution
		SolutionGuid = {BF4CEBDA-A80F-469C-9A32-2D1BDBE061ED}
	EndGlobalSection
EndGlobal
